// !$*UTF8*$!
{
	archiveVersion = 1;
	classes = {
	};
	objectVersion = 56;
	objects = {

/* Begin PBXBuildFile section */
		9330CDFF2A24F9ED00502DDC /* AppDelegate.swift in Sources */ = {isa = PBXBuildFile; fileRef = 9330CDFE2A24F9ED00502DDC /* AppDelegate.swift */; };
		9330CE012A24F9ED00502DDC /* SceneDelegate.swift in Sources */ = {isa = PBXBuildFile; fileRef = 9330CE002A24F9ED00502DDC /* SceneDelegate.swift */; };
		9330CE032A24F9ED00502DDC /* ViewController.swift in Sources */ = {isa = PBXBuildFile; fileRef = 9330CE022A24F9ED00502DDC /* ViewController.swift */; };
		9330CE062A24F9ED00502DDC /* Main.storyboard in Resources */ = {isa = PBXBuildFile; fileRef = 9330CE042A24F9ED00502DDC /* Main.storyboard */; };
		9330CE082A24F9EE00502DDC /* Assets.xcassets in Resources */ = {isa = PBXBuildFile; fileRef = 9330CE072A24F9EE00502DDC /* Assets.xcassets */; };
		9330CE0B2A24F9EE00502DDC /* LaunchScreen.storyboard in Resources */ = {isa = PBXBuildFile; fileRef = 9330CE092A24F9EE00502DDC /* LaunchScreen.storyboard */; };
		9330CE132A25D35800502DDC /* jf-openhuninn-2.0.ttf in Resources */ = {isa = PBXBuildFile; fileRef = 9330CE122A25D35800502DDC /* jf-openhuninn-2.0.ttf */; };
		9330CE192A27120200502DDC /* RollDiceSound.mp3 in Resources */ = {isa = PBXBuildFile; fileRef = 9330CE182A27120200502DDC /* RollDiceSound.mp3 */; };
		9330CE1B2A2764F100502DDC /* ClearSound.mp3 in Resources */ = {isa = PBXBuildFile; fileRef = 9330CE1A2A2764F100502DDC /* ClearSound.mp3 */; };
/* End PBXBuildFile section */

/* Begin PBXFileReference section */
		9330CDFB2A24F9ED00502DDC /* HW_DiceCount.app */ = {isa = PBXFileReference; explicitFileType = wrapper.application; includeInIndex = 0; path = HW_DiceCount.app; sourceTree = BUILT_PRODUCTS_DIR; };
		9330CDFE2A24F9ED00502DDC /* AppDelegate.swift */ = {isa = PBXFileReference; lastKnownFileType = sourcecode.swift; path = AppDelegate.swift; sourceTree = "<group>"; };
		9330CE002A24F9ED00502DDC /* SceneDelegate.swift */ = {isa = PBXFileReference; lastKnownFileType = sourcecode.swift; path = SceneDelegate.swift; sourceTree = "<group>"; };
		9330CE022A24F9ED00502DDC /* ViewController.swift */ = {isa = PBXFileReference; lastKnownFileType = sourcecode.swift; path = ViewController.swift; sourceTree = "<group>"; };
		9330CE052A24F9ED00502DDC /* Base */ = {isa = PBXFileReference; lastKnownFileType = file.storyboard; name = Base; path = Base.lproj/Main.storyboard; sourceTree = "<group>"; };
		9330CE072A24F9EE00502DDC /* Assets.xcassets */ = {isa = PBXFileReference; lastKnownFileType = folder.assetcatalog; path = Assets.xcassets; sourceTree = "<group>"; };
		9330CE0A2A24F9EE00502DDC /* Base */ = {isa = PBXFileReference; lastKnownFileType = file.storyboard; name = Base; path = Base.lproj/LaunchScreen.storyboard; sourceTree = "<group>"; };
		9330CE0C2A24F9EE00502DDC /* Info.plist */ = {isa = PBXFileReference; lastKnownFileType = text.plist.xml; path = Info.plist; sourceTree = "<group>"; };
		9330CE122A25D35800502DDC /* jf-openhuninn-2.0.ttf */ = {isa = PBXFileReference; lastKnownFileType = file; path = "jf-openhuninn-2.0.ttf"; sourceTree = "<group>"; };
		9330CE182A27120200502DDC /* RollDiceSound.mp3 */ = {isa = PBXFileReference; lastKnownFileType = audio.mp3; path = RollDiceSound.mp3; sourceTree = "<group>"; };
		9330CE1A2A2764F100502DDC /* ClearSound.mp3 */ = {isa = PBXFileReference; lastKnownFileType = audio.mp3; path = ClearSound.mp3; sourceTree = "<group>"; };
/* End PBXFileReference section */

/* Begin PBXFrameworksBuildPhase section */
		9330CDF82A24F9ED00502DDC /* Frameworks */ = {
			isa = PBXFrameworksBuildPhase;
			buildActionMask = 2147483647;
			files = (
			);
			runOnlyForDeploymentPostprocessing = 0;
		};
/* End PBXFrameworksBuildPhase section */

/* Begin PBXGroup section */
		9330CDF22A24F9ED00502DDC = {
			isa = PBXGroup;
			children = (
				9330CDFD2A24F9ED00502DDC /* HW_DiceCount */,
				9330CDFC2A24F9ED00502DDC /* Products */,
			);
			sourceTree = "<group>";
		};
		9330CDFC2A24F9ED00502DDC /* Products */ = {
			isa = PBXGroup;
			children = (
				9330CDFB2A24F9ED00502DDC /* HW_DiceCount.app */,
			);
			name = Products;
			sourceTree = "<group>";
		};
		9330CDFD2A24F9ED00502DDC /* HW_DiceCount */ = {
			isa = PBXGroup;
			children = (
				9330CDFE2A24F9ED00502DDC /* AppDelegate.swift */,
				9330CE002A24F9ED00502DDC /* SceneDelegate.swift */,
				9330CE022A24F9ED00502DDC /* ViewController.swift */,
				9330CE042A24F9ED00502DDC /* Main.storyboard */,
				9330CE072A24F9EE00502DDC /* Assets.xcassets */,
				9330CE092A24F9EE00502DDC /* LaunchScreen.storyboard */,
				9330CE0C2A24F9EE00502DDC /* Info.plist */,
				9330CE122A25D35800502DDC /* jf-openhuninn-2.0.ttf */,
				9330CE182A27120200502DDC /* RollDiceSound.mp3 */,
				9330CE1A2A2764F100502DDC /* ClearSound.mp3 */,
			);
			path = HW_DiceCount;
			sourceTree = "<group>";
		};
/* End PBXGroup section */

/* Begin PBXNativeTarget section */
		9330CDFA2A24F9ED00502DDC /* HW_DiceCount */ = {
			isa = PBXNativeTarget;
			buildConfigurationList = 9330CE0F2A24F9EE00502DDC /* Build configuration list for PBXNativeTarget "HW_DiceCount" */;
			buildPhases = (
				9330CDF72A24F9ED00502DDC /* Sources */,
				9330CDF82A24F9ED00502DDC /* Frameworks */,
				9330CDF92A24F9ED00502DDC /* Resources */,
			);
			buildRules = (
			);
			dependencies = (
			);
			name = HW_DiceCount;
			productName = HW_DiceCount;
			productReference = 9330CDFB2A24F9ED00502DDC /* HW_DiceCount.app */;
			productType = "com.apple.product-type.application";
		};
/* End PBXNativeTarget section */

/* Begin PBXProject section */
		9330CDF32A24F9ED00502DDC /* Project object */ = {
			isa = PBXProject;
			attributes = {
				BuildIndependentTargetsInParallel = 1;
				LastSwiftUpdateCheck = 1430;
				LastUpgradeCheck = 1430;
				TargetAttributes = {
					9330CDFA2A24F9ED00502DDC = {
						CreatedOnToolsVersion = 14.3;
					};
				};
			};
			buildConfigurationList = 9330CDF62A24F9ED00502DDC /* Build configuration list for PBXProject "HW_DiceCount" */;
			compatibilityVersion = "Xcode 14.0";
			developmentRegion = en;
			hasScannedForEncodings = 0;
			knownRegions = (
				en,
				Base,
			);
			mainGroup = 9330CDF22A24F9ED00502DDC;
			productRefGroup = 9330CDFC2A24F9ED00502DDC /* Products */;
			projectDirPath = "";
			projectRoot = "";
			targets = (
				9330CDFA2A24F9ED00502DDC /* HW_DiceCount */,
			);
		};
/* End PBXProject section */

/* Begin PBXResourcesBuildPhase section */
		9330CDF92A24F9ED00502DDC /* Resources */ = {
			isa = PBXResourcesBuildPhase;
			buildActionMask = 2147483647;
			files = (
				9330CE0B2A24F9EE00502DDC /* LaunchScreen.storyboard in Resources */,
				9330CE132A25D35800502DDC /* jf-openhuninn-2.0.ttf in Resources */,
				9330CE1B2A2764F100502DDC /* ClearSound.mp3 in Resources */,
				9330CE082A24F9EE00502DDC /* Assets.xcassets in Resources */,
				9330CE062A24F9ED00502DDC /* Main.storyboard in Resources */,
				9330CE192A27120200502DDC /* RollDiceSound.mp3 in Resources */,
			);
			runOnlyForDeploymentPostprocessing = 0;
		};
/* End PBXResourcesBuildPhase section */

/* Begin PBXSourcesBuildPhase section */
		9330CDF72A24F9ED00502DDC /* Sources */ = {
			isa = PBXSourcesBuildPhase;
			buildActionMask = 2147483647;
			files = (
				9330CE032A24F9ED00502DDC /* ViewController.swift in Sources */,
				9330CDFF2A24F9ED00502DDC /* AppDelegate.swift in Sources */,
				9330CE012A24F9ED00502DDC /* SceneDelegate.swift in Sources */,
			);
			runOnlyForDeploymentPostprocessing = 0;
		};
/* End PBXSourcesBuildPhase section */

/* Begin PBXVariantGroup section */
		9330CE042A24F9ED00502DDC /* Main.storyboard */ = {
			isa = PBXVariantGroup;
			children = (
				9330CE052A24F9ED00502DDC /* Base */,
			);
			name = Main.storyboard;
			sourceTree = "<group>";
		};
		9330CE092A24F9EE00502DDC /* LaunchScreen.storyboard */ = {
			isa = PBXVariantGroup;
			children = (
				9330CE0A2A24F9EE00502DDC /* Base */,
			);
			name = LaunchScreen.storyboard;
			sourceTree = "<group>";
		};
/* End PBXVariantGroup section */

/* Begin XCBuildConfiguration section */
		9330CE0D2A24F9EE00502DDC /* Debug */ = {
			isa = XCBuildConfiguration;
			buildSettings = {
				ALWAYS_SEARCH_USER_PATHS = NO;
				CLANG_ANALYZER_NONNULL = YES;
				CLANG_ANALYZER_NUMBER_OBJECT_CONVERSION = YES_AGGRESSIVE;
				CLANG_CXX_LANGUAGE_STANDARD = "gnu++20";
				CLANG_ENABLE_MODULES = YES;
				CLANG_ENABLE_OBJC_ARC = YES;
				CLANG_ENABLE_OBJC_WEAK = YES;
				CLANG_WARN_BLOCK_CAPTURE_AUTORELEASING = YES;
				CLANG_WARN_BOOL_CONVERSION = YES;
				CLANG_WARN_COMMA = YES;
				CLANG_WARN_CONSTANT_CONVERSION = YES;
				CLANG_WARN_DEPRECATED_OBJC_IMPLEMENTATIONS = YES;
				CLANG_WARN_DIRECT_OBJC_ISA_USAGE = YES_ERROR;
				CLANG_WARN_DOCUMENTATION_COMMENTS = YES;
				CLANG_WARN_EMPTY_BODY = YES;
				CLANG_WARN_ENUM_CONVERSION = YES;
				CLANG_WARN_INFINITE_RECURSION = YES;
				CLANG_WARN_INT_CONVERSION = YES;
				CLANG_WARN_NON_LITERAL_NULL_CONVERSION = YES;
				CLANG_WARN_OBJC_IMPLICIT_RETAIN_SELF = YES;
				CLANG_WARN_OBJC_LITERAL_CONVERSION = YES;
				CLANG_WARN_OBJC_ROOT_CLASS = YES_ERROR;
				CLANG_WARN_QUOTED_INCLUDE_IN_FRAMEWORK_HEADER = YES;
				CLANG_WARN_RANGE_LOOP_ANALYSIS = YES;
				CLANG_WARN_STRICT_PROTOTYPES = YES;
				CLANG_WARN_SUSPICIOUS_MOVE = YES;
				CLANG_WARN_UNGUARDED_AVAILABILITY = YES_AGGRESSIVE;
				CLANG_WARN_UNREACHABLE_CODE = YES;
				CLANG_WARN__DUPLICATE_METHOD_MATCH = YES;
				COPY_PHASE_STRIP = NO;
				DEBUG_INFORMATION_FORMAT = dwarf;
				ENABLE_STRICT_OBJC_MSGSEND = YES;
				ENABLE_TESTABILITY = YES;
				GCC_C_LANGUAGE_STANDARD = gnu11;
				GCC_DYNAMIC_NO_PIC = NO;
				GCC_NO_COMMON_BLOCKS = YES;
				GCC_OPTIMIZATION_LEVEL = 0;
				GCC_PREPROCESSOR_DEFINITIONS = (
					"DEBUG=1",
					"$(inherited)",
				);
				GCC_WARN_64_TO_32_BIT_CONVERSION = YES;
				GCC_WARN_ABOUT_RETURN_TYPE = YES_ERROR;
				GCC_WARN_UNDECLARED_SELECTOR = YES;
				GCC_WARN_UNINITIALIZED_AUTOS = YES_AGGRESSIVE;
				GCC_WARN_UNUSED_FUNCTION = YES;
				GCC_WARN_UNUSED_VARIABLE = YES;
				IPHONEOS_DEPLOYMENT_TARGET = 16.4;
				MTL_ENABLE_DEBUG_INFO = INCLUDE_SOURCE;
				MTL_FAST_MATH = YES;
				ONLY_ACTIVE_ARCH = YES;
				SDKROOT = iphoneos;
				SWIFT_ACTIVE_COMPILATION_CONDITIONS = DEBUG;
				SWIFT_OPTIMIZATION_LEVEL = "-Onone";
			};
			name = Debug;
		};
		9330CE0E2A24F9EE00502DDC /* Release */ = {
			isa = XCBuildConfiguration;
			buildSettings = {
				ALWAYS_SEARCH_USER_PATHS = NO;
				CLANG_ANALYZER_NONNULL = YES;
				CLANG_ANALYZER_NUMBER_OBJECT_CONVERSION = YES_AGGRESSIVE;
				CLANG_CXX_LANGUAGE_STANDARD = "gnu++20";
				CLANG_ENABLE_MODULES = YES;
				CLANG_ENABLE_OBJC_ARC = YES;
				CLANG_ENABLE_OBJC_WEAK = YES;
				CLANG_WARN_BLOCK_CAPTURE_AUTORELEASING = YES;
				CLANG_WARN_BOOL_CONVERSION = YES;
				CLANG_WARN_COMMA = YES;
				CLANG_WARN_CONSTANT_CONVERSION = YES;
				CLANG_WARN_DEPRECATED_OBJC_IMPLEMENTATIONS = YES;
				CLANG_WARN_DIRECT_OBJC_ISA_USAGE = YES_ERROR;
				CLANG_WARN_DOCUMENTATION_COMMENTS = YES;
				CLANG_WARN_EMPTY_BODY = YES;
				CLANG_WARN_ENUM_CONVERSION = YES;
				CLANG_WARN_INFINITE_RECURSION = YES;
				CLANG_WARN_INT_CONVERSION = YES;
				CLANG_WARN_NON_LITERAL_NULL_CONVERSION = YES;
				CLANG_WARN_OBJC_IMPLICIT_RETAIN_SELF = YES;
				CLANG_WARN_OBJC_LITERAL_CONVERSION = YES;
				CLANG_WARN_OBJC_ROOT_CLASS = YES_ERROR;
				CLANG_WARN_QUOTED_INCLUDE_IN_FRAMEWORK_HEADER = YES;
				CLANG_WARN_RANGE_LOOP_ANALYSIS = YES;
				CLANG_WARN_STRICT_PROTOTYPES = YES;
				CLANG_WARN_SUSPICIOUS_MOVE = YES;
				CLANG_WARN_UNGUARDED_AVAILABILITY = YES_AGGRESSIVE;
				CLANG_WARN_UNREACHABLE_CODE = YES;
				CLANG_WARN__DUPLICATE_METHOD_MATCH = YES;
				COPY_PHASE_STRIP = NO;
				DEBUG_INFORMATION_FORMAT = "dwarf-with-dsym";
				ENABLE_NS_ASSERTIONS = NO;
				ENABLE_STRICT_OBJC_MSGSEND = YES;
				GCC_C_LANGUAGE_STANDARD = gnu11;
				GCC_NO_COMMON_BLOCKS = YES;
				GCC_WARN_64_TO_32_BIT_CONVERSION = YES;
				GCC_WARN_ABOUT_RETURN_TYPE = YES_ERROR;
				GCC_WARN_UNDECLARED_SELECTOR = YES;
				GCC_WARN_UNINITIALIZED_AUTOS = YES_AGGRESSIVE;
				GCC_WARN_UNUSED_FUNCTION = YES;
				GCC_WARN_UNUSED_VARIABLE = YES;
				IPHONEOS_DEPLOYMENT_TARGET = 16.4;
				MTL_ENABLE_DEBUG_INFO = NO;
				MTL_FAST_MATH = YES;
				SDKROOT = iphoneos;
				SWIFT_COMPILATION_MODE = wholemodule;
				SWIFT_OPTIMIZATION_LEVEL = "-O";
				VALIDATE_PRODUCT = YES;
			};
			name = Release;
		};
		9330CE102A24F9EE00502DDC /* Debug */ = {
			isa = XCBuildConfiguration;
			buildSettings = {
				ASSETCATALOG_COMPILER_APPICON_NAME = AppIcon;
				ASSETCATALOG_COMPILER_GLOBAL_ACCENT_COLOR_NAME = AccentColor;
				CODE_SIGN_STYLE = Automatic;
				CURRENT_PROJECT_VERSION = 1;
				DEVELOPMENT_TEAM = P8FCS2FB8Z;
				GENERATE_INFOPLIST_FILE = YES;
				INFOPLIST_FILE = HW_DiceCount/Info.plist;
				INFOPLIST_KEY_UIApplicationSupportsIndirectInputEvents = YES;
				INFOPLIST_KEY_UILaunchStoryboardName = LaunchScreen;
				INFOPLIST_KEY_UIMainStoryboardFile = Main;
				INFOPLIST_KEY_UISupportedInterfaceOrientations_iPad = "UIInterfaceOrientationPortrait UIInterfaceOrientationPortraitUpsideDown UIInterfaceOrientationLandscapeLeft UIInterfaceOrientationLandscapeRight";
				INFOPLIST_KEY_UISupportedInterfaceOrientations_iPhone = "UIInterfaceOrientationPortrait UIInterfaceOrientationLandscapeLeft UIInterfaceOrientationLandscapeRight";
				LD_RUNPATH_SEARCH_PATHS = (
					"$(inherited)",
					"@executable_path/Frameworks",
				);
				MARKETING_VERSION = 1.0;
				PRODUCT_BUNDLE_IDENTIFIER = "com.tonytsao.HW-DiceCount";
				PRODUCT_NAME = "$(TARGET_NAME)";
				SWIFT_EMIT_LOC_STRINGS = YES;
				SWIFT_VERSION = 5.0;
				TARGETED_DEVICE_FAMILY = "1,2";
			};
			name = Debug;
		};
		9330CE112A24F9EE00502DDC /* Release */ = {
			isa = XCBuildConfiguration;
			buildSettings = {
				ASSETCATALOG_COMPILER_APPICON_NAME = AppIcon;
				ASSETCATALOG_COMPILER_GLOBAL_ACCENT_COLOR_NAME = AccentColor;
				CODE_SIGN_STYLE = Automatic;
				CURRENT_PROJECT_VERSION = 1;
				DEVELOPMENT_TEAM = P8FCS2FB8Z;
				GENERATE_INFOPLIST_FILE = YES;
				INFOPLIST_FILE = HW_DiceCount/Info.plist;
				INFOPLIST_KEY_UIApplicationSupportsIndirectInputEvents = YES;
				INFOPLIST_KEY_UILaunchStoryboardName = LaunchScreen;
				INFOPLIST_KEY_UIMainStoryboardFile = Main;
				INFOPLIST_KEY_UISupportedInterfaceOrientations_iPad = "UIInterfaceOrientationPortrait UIInterfaceOrientationPortraitUpsideDown UIInterfaceOrientationLandscapeLeft UIInterfaceOrientationLandscapeRight";
				INFOPLIST_KEY_UISupportedInterfaceOrientations_iPhone = "UIInterfaceOrientationPortrait UIInterfaceOrientationLandscapeLeft UIInterfaceOrientationLandscapeRight";
				LD_RUNPATH_SEARCH_PATHS = (
					"$(inherited)",
					"@executable_path/Frameworks",
				);
				MARKETING_VERSION = 1.0;
				PRODUCT_BUNDLE_IDENTIFIER = "com.tonytsao.HW-DiceCount";
				PRODUCT_NAME = "$(TARGET_NAME)";
				SWIFT_EMIT_LOC_STRINGS = YES;
				SWIFT_VERSION = 5.0;
				TARGETED_DEVICE_FAMILY = "1,2";
			};
			name = Release;
		};
/* End XCBuildConfiguration section */

/* Begin XCConfigurationList section */
		9330CDF62A24F9ED00502DDC /* Build configuration list for PBXProject "HW_DiceCount" */ = {
			isa = XCConfigurationList;
			buildConfigurations = (
				9330CE0D2A24F9EE00502DDC /* Debug */,
				9330CE0E2A24F9EE00502DDC /* Release */,
			);
			defaultConfigurationIsVisible = 0;
			defaultConfigurationName = Release;
		};
		9330CE0F2A24F9EE00502DDC /* Build configuration list for PBXNativeTarget "HW_DiceCount" */ = {
			isa = XCConfigurationList;
			buildConfigurations = (
				9330CE102A24F9EE00502DDC /* Debug */,
				9330CE112A24F9EE00502DDC /* Release */,
			);
			defaultConfigurationIsVisible = 0;
			defaultConfigurationName = Release;
		};
/* End XCConfigurationList section */
	};
	rootObject = 9330CDF32A24F9ED00502DDC /* Project object */;
}
